
Microsoft Visual Studio Solution File, Format Version 12.00
# Visual Studio Version 17
VisualStudioVersion = 17.6.33801.468
MinimumVisualStudioVersion = 10.0.40219.1
Project("{888888A0-9F3D-457C-B088-3A5042F75D52}") = "Lesson_1", "Lesson_1.pyproj", "{EC70FBB6-0B1E-4988-8F35-566D13186742}"
EndProject
Global
	GlobalSection(SolutionConfigurationPlatforms) = preSolution
		Debug|Any CPU = Debug|Any CPU
		Release|Any CPU = Release|Any CPU
	EndGlobalSection
	GlobalSection(ProjectConfigurationPlatforms) = postSolution
		{EC70FBB6-0B1E-4988-8F35-566D13186742}.Debug|Any CPU.ActiveCfg = Debug|Any CPU
		{EC70FBB6-0B1E-4988-8F35-566D13186742}.Release|Any CPU.ActiveCfg = Release|Any CPU
	EndGlobalSection
	GlobalSection(SolutionProperties) = preSolution
		HideSolutionNode = FALSE
	EndGlobalSection
	GlobalSection(ExtensibilityGlobals) = postSolution
		SolutionGuid = {31E25543-573E-4A9B-9574-7AAB150755A1}
	EndGlobalSection
EndGlobal
