
Microsoft Visual Studio Solution File, Format Version 12.00
# Visual Studio Version 17
VisualStudioVersion = 17.5.33530.505
MinimumVisualStudioVersion = 10.0.40219.1
Project("{FAE04EC0-301F-11D3-BF4B-00C04F79EFBC}") = "HomeWork_1", "HomeWork_1.csproj", "{499A3028-EA3C-4868-A5A2-F129297739DA}"
EndProject
Global
	GlobalSection(SolutionConfigurationPlatforms) = preSolution
		Debug|Any CPU = Debug|Any CPU
		Release|Any CPU = Release|Any CPU
	EndGlobalSection
	GlobalSection(ProjectConfigurationPlatforms) = postSolution
		{499A3028-EA3C-4868-A5A2-F129297739DA}.Debug|Any CPU.ActiveCfg = Debug|Any CPU
		{499A3028-EA3C-4868-A5A2-F129297739DA}.Debug|Any CPU.Build.0 = Debug|Any CPU
		{499A3028-EA3C-4868-A5A2-F129297739DA}.Release|Any CPU.ActiveCfg = Release|Any CPU
		{499A3028-EA3C-4868-A5A2-F129297739DA}.Release|Any CPU.Build.0 = Release|Any CPU
	EndGlobalSection
	GlobalSection(SolutionProperties) = preSolution
		HideSolutionNode = FALSE
	EndGlobalSection
	GlobalSection(ExtensibilityGlobals) = postSolution
		SolutionGuid = {8A3066B9-CEA0-4C7C-BB94-4FC68BC30A0E}
	EndGlobalSection
EndGlobal
