
Microsoft Visual Studio Solution File, Format Version 12.00
# Visual Studio Version 17
VisualStudioVersion = 17.3.32819.101
MinimumVisualStudioVersion = 10.0.40219.1
Project("{FAE04EC0-301F-11D3-BF4B-00C04F79EFBC}") = "Lesson1", "Lesson1\Lesson1.csproj", "{DD7E7773-D672-4510-B75C-A2D574CE4DC5}"
EndProject
Global
	GlobalSection(SolutionConfigurationPlatforms) = preSolution
		Debug|Any CPU = Debug|Any CPU
		Release|Any CPU = Release|Any CPU
	EndGlobalSection
	GlobalSection(ProjectConfigurationPlatforms) = postSolution
		{DD7E7773-D672-4510-B75C-A2D574CE4DC5}.Debug|Any CPU.ActiveCfg = Debug|Any CPU
		{DD7E7773-D672-4510-B75C-A2D574CE4DC5}.Debug|Any CPU.Build.0 = Debug|Any CPU
		{DD7E7773-D672-4510-B75C-A2D574CE4DC5}.Release|Any CPU.ActiveCfg = Release|Any CPU
		{DD7E7773-D672-4510-B75C-A2D574CE4DC5}.Release|Any CPU.Build.0 = Release|Any CPU
	EndGlobalSection
	GlobalSection(SolutionProperties) = preSolution
		HideSolutionNode = FALSE
	EndGlobalSection
	GlobalSection(ExtensibilityGlobals) = postSolution
		SolutionGuid = {6D1E102F-E0C8-43BB-BF7C-9580553D422F}
	EndGlobalSection
EndGlobal
