
Microsoft Visual Studio Solution File, Format Version 12.00
# Visual Studio Version 16
VisualStudioVersion = 16.0.30709.132
MinimumVisualStudioVersion = 10.0.40219.1
Project("{FAE04EC0-301F-11D3-BF4B-00C04F79EFBC}") = "lesson4", "lesson4\lesson4.csproj", "{83DF0209-87D9-44D5-B4C7-C8EE4171BDC8}"
EndProject
Global
	GlobalSection(SolutionConfigurationPlatforms) = preSolution
		Debug|Any CPU = Debug|Any CPU
		Release|Any CPU = Release|Any CPU
	EndGlobalSection
	GlobalSection(ProjectConfigurationPlatforms) = postSolution
		{83DF0209-87D9-44D5-B4C7-C8EE4171BDC8}.Debug|Any CPU.ActiveCfg = Debug|Any CPU
		{83DF0209-87D9-44D5-B4C7-C8EE4171BDC8}.Debug|Any CPU.Build.0 = Debug|Any CPU
		{83DF0209-87D9-44D5-B4C7-C8EE4171BDC8}.Release|Any CPU.ActiveCfg = Release|Any CPU
		{83DF0209-87D9-44D5-B4C7-C8EE4171BDC8}.Release|Any CPU.Build.0 = Release|Any CPU
	EndGlobalSection
	GlobalSection(SolutionProperties) = preSolution
		HideSolutionNode = FALSE
	EndGlobalSection
	GlobalSection(ExtensibilityGlobals) = postSolution
		SolutionGuid = {9ABFA26F-282E-41EF-B557-1C4E07161E09}
	EndGlobalSection
EndGlobal
