
Microsoft Visual Studio Solution File, Format Version 12.00
# Visual Studio Version 17
VisualStudioVersion = 17.7.34031.279
MinimumVisualStudioVersion = 10.0.40219.1
Project("{FAE04EC0-301F-11D3-BF4B-00C04F79EFBC}") = "http-client", "http-client\http-client.csproj", "{0D59F6B0-52D2-4F03-9C3B-DF8B4485E80F}"
EndProject
Global
	GlobalSection(SolutionConfigurationPlatforms) = preSolution
		Debug|Any CPU = Debug|Any CPU
		Release|Any CPU = Release|Any CPU
	EndGlobalSection
	GlobalSection(ProjectConfigurationPlatforms) = postSolution
		{0D59F6B0-52D2-4F03-9C3B-DF8B4485E80F}.Debug|Any CPU.ActiveCfg = Debug|Any CPU
		{0D59F6B0-52D2-4F03-9C3B-DF8B4485E80F}.Debug|Any CPU.Build.0 = Debug|Any CPU
		{0D59F6B0-52D2-4F03-9C3B-DF8B4485E80F}.Release|Any CPU.ActiveCfg = Release|Any CPU
		{0D59F6B0-52D2-4F03-9C3B-DF8B4485E80F}.Release|Any CPU.Build.0 = Release|Any CPU
	EndGlobalSection
	GlobalSection(SolutionProperties) = preSolution
		HideSolutionNode = FALSE
	EndGlobalSection
	GlobalSection(ExtensibilityGlobals) = postSolution
		SolutionGuid = {DD1F7607-CA99-4E91-BACA-FBACE4E3F3D2}
	EndGlobalSection
EndGlobal
