
Microsoft Visual Studio Solution File, Format Version 12.00
# Visual Studio Version 17
VisualStudioVersion = 17.5.33530.505
MinimumVisualStudioVersion = 10.0.40219.1
Project("{FAE04EC0-301F-11D3-BF4B-00C04F79EFBC}") = "WebApiLesson", "WebApiLesson.csproj", "{03F3116C-950F-4FDE-A8C5-A6C142CA13DA}"
EndProject
Project("{FAE04EC0-301F-11D3-BF4B-00C04F79EFBC}") = "APIConsumer", "..\APIConsumer\APIConsumer.csproj", "{CDDB0366-F021-40DF-9628-49AC0BB62234}"
EndProject
Global
	GlobalSection(SolutionConfigurationPlatforms) = preSolution
		Debug|Any CPU = Debug|Any CPU
		Release|Any CPU = Release|Any CPU
	EndGlobalSection
	GlobalSection(ProjectConfigurationPlatforms) = postSolution
		{03F3116C-950F-4FDE-A8C5-A6C142CA13DA}.Debug|Any CPU.ActiveCfg = Debug|Any CPU
		{03F3116C-950F-4FDE-A8C5-A6C142CA13DA}.Debug|Any CPU.Build.0 = Debug|Any CPU
		{03F3116C-950F-4FDE-A8C5-A6C142CA13DA}.Release|Any CPU.ActiveCfg = Release|Any CPU
		{03F3116C-950F-4FDE-A8C5-A6C142CA13DA}.Release|Any CPU.Build.0 = Release|Any CPU
		{CDDB0366-F021-40DF-9628-49AC0BB62234}.Debug|Any CPU.ActiveCfg = Debug|Any CPU
		{CDDB0366-F021-40DF-9628-49AC0BB62234}.Debug|Any CPU.Build.0 = Debug|Any CPU
		{CDDB0366-F021-40DF-9628-49AC0BB62234}.Release|Any CPU.ActiveCfg = Release|Any CPU
		{CDDB0366-F021-40DF-9628-49AC0BB62234}.Release|Any CPU.Build.0 = Release|Any CPU
	EndGlobalSection
	GlobalSection(SolutionProperties) = preSolution
		HideSolutionNode = FALSE
	EndGlobalSection
	GlobalSection(ExtensibilityGlobals) = postSolution
		SolutionGuid = {CB9774D7-5738-41E6-9A3F-E7035BE1D93A}
	EndGlobalSection
EndGlobal
