
Microsoft Visual Studio Solution File, Format Version 12.00
# Visual Studio Version 17
VisualStudioVersion = 17.4.33103.184
MinimumVisualStudioVersion = 10.0.40219.1
Project("{FAE04EC0-301F-11D3-BF4B-00C04F79EFBC}") = "Game", "Game\Game.csproj", "{FFBCEED0-35E8-4EF4-98E8-B8407E98889D}"
EndProject
Project("{FAE04EC0-301F-11D3-BF4B-00C04F79EFBC}") = "Game.DLL", "Game.DLL\Game.DLL.csproj", "{3D20B9AC-EACB-4A2C-8F8E-9ADEF9742FBE}"
EndProject
Global
	GlobalSection(SolutionConfigurationPlatforms) = preSolution
		Debug|Any CPU = Debug|Any CPU
		Release|Any CPU = Release|Any CPU
	EndGlobalSection
	GlobalSection(ProjectConfigurationPlatforms) = postSolution
		{FFBCEED0-35E8-4EF4-98E8-B8407E98889D}.Debug|Any CPU.ActiveCfg = Debug|Any CPU
		{FFBCEED0-35E8-4EF4-98E8-B8407E98889D}.Debug|Any CPU.Build.0 = Debug|Any CPU
		{FFBCEED0-35E8-4EF4-98E8-B8407E98889D}.Release|Any CPU.ActiveCfg = Release|Any CPU
		{FFBCEED0-35E8-4EF4-98E8-B8407E98889D}.Release|Any CPU.Build.0 = Release|Any CPU
		{3D20B9AC-EACB-4A2C-8F8E-9ADEF9742FBE}.Debug|Any CPU.ActiveCfg = Debug|Any CPU
		{3D20B9AC-EACB-4A2C-8F8E-9ADEF9742FBE}.Debug|Any CPU.Build.0 = Debug|Any CPU
		{3D20B9AC-EACB-4A2C-8F8E-9ADEF9742FBE}.Release|Any CPU.ActiveCfg = Release|Any CPU
		{3D20B9AC-EACB-4A2C-8F8E-9ADEF9742FBE}.Release|Any CPU.Build.0 = Release|Any CPU
	EndGlobalSection
	GlobalSection(SolutionProperties) = preSolution
		HideSolutionNode = FALSE
	EndGlobalSection
	GlobalSection(ExtensibilityGlobals) = postSolution
		SolutionGuid = {89AABB63-4F41-43DB-A371-1F8BB7E0A39D}
	EndGlobalSection
EndGlobal
