
Microsoft Visual Studio Solution File, Format Version 12.00
# Visual Studio Version 17
VisualStudioVersion = 17.3.32819.101
MinimumVisualStudioVersion = 10.0.40219.1
Project("{FAE04EC0-301F-11D3-BF4B-00C04F79EFBC}") = "Shop.Parts.com", "Shop.Parts.com\Shop.Parts.com.csproj", "{C6881DAB-79F2-45B3-A005-5E1DE6D6686C}"
EndProject
Project("{FAE04EC0-301F-11D3-BF4B-00C04F79EFBC}") = "Shop.Parts.com.BLL", "Shop.Parts.com.BLL\Shop.Parts.com.BLL.csproj", "{443E63F9-FF17-4C3A-80E8-ECC7228DDFC2}"
EndProject
Global
	GlobalSection(SolutionConfigurationPlatforms) = preSolution
		Debug|Any CPU = Debug|Any CPU
		Release|Any CPU = Release|Any CPU
	EndGlobalSection
	GlobalSection(ProjectConfigurationPlatforms) = postSolution
		{C6881DAB-79F2-45B3-A005-5E1DE6D6686C}.Debug|Any CPU.ActiveCfg = Debug|Any CPU
		{C6881DAB-79F2-45B3-A005-5E1DE6D6686C}.Debug|Any CPU.Build.0 = Debug|Any CPU
		{C6881DAB-79F2-45B3-A005-5E1DE6D6686C}.Release|Any CPU.ActiveCfg = Release|Any CPU
		{C6881DAB-79F2-45B3-A005-5E1DE6D6686C}.Release|Any CPU.Build.0 = Release|Any CPU
		{443E63F9-FF17-4C3A-80E8-ECC7228DDFC2}.Debug|Any CPU.ActiveCfg = Debug|Any CPU
		{443E63F9-FF17-4C3A-80E8-ECC7228DDFC2}.Debug|Any CPU.Build.0 = Debug|Any CPU
		{443E63F9-FF17-4C3A-80E8-ECC7228DDFC2}.Release|Any CPU.ActiveCfg = Release|Any CPU
		{443E63F9-FF17-4C3A-80E8-ECC7228DDFC2}.Release|Any CPU.Build.0 = Release|Any CPU
	EndGlobalSection
	GlobalSection(SolutionProperties) = preSolution
		HideSolutionNode = FALSE
	EndGlobalSection
	GlobalSection(ExtensibilityGlobals) = postSolution
		SolutionGuid = {3B6EC9AA-75C8-4CFB-8454-6F35F0584C18}
	EndGlobalSection
EndGlobal
