
Microsoft Visual Studio Solution File, Format Version 12.00
# Visual Studio Version 17
VisualStudioVersion = 17.5.33516.290
MinimumVisualStudioVersion = 10.0.40219.1
Project("{9A19103F-16F7-4668-BE54-9A1E7A4F7556}") = "WebAPI-example", "WebAPI-example.csproj", "{E319B428-75CA-4AF1-8A48-4148BB10B0D4}"
EndProject
Project("{FAE04EC0-301F-11D3-BF4B-00C04F79EFBC}") = "WebAPI-front", "..\WebAPI-front\WebAPI-front.csproj", "{A077944E-2DB3-4ADC-9ED9-A84CA5757827}"
EndProject
Global
	GlobalSection(SolutionConfigurationPlatforms) = preSolution
		Debug|Any CPU = Debug|Any CPU
		Release|Any CPU = Release|Any CPU
	EndGlobalSection
	GlobalSection(ProjectConfigurationPlatforms) = postSolution
		{E319B428-75CA-4AF1-8A48-4148BB10B0D4}.Debug|Any CPU.ActiveCfg = Debug|Any CPU
		{E319B428-75CA-4AF1-8A48-4148BB10B0D4}.Debug|Any CPU.Build.0 = Debug|Any CPU
		{E319B428-75CA-4AF1-8A48-4148BB10B0D4}.Release|Any CPU.ActiveCfg = Release|Any CPU
		{E319B428-75CA-4AF1-8A48-4148BB10B0D4}.Release|Any CPU.Build.0 = Release|Any CPU
		{A077944E-2DB3-4ADC-9ED9-A84CA5757827}.Debug|Any CPU.ActiveCfg = Debug|Any CPU
		{A077944E-2DB3-4ADC-9ED9-A84CA5757827}.Debug|Any CPU.Build.0 = Debug|Any CPU
		{A077944E-2DB3-4ADC-9ED9-A84CA5757827}.Release|Any CPU.ActiveCfg = Release|Any CPU
		{A077944E-2DB3-4ADC-9ED9-A84CA5757827}.Release|Any CPU.Build.0 = Release|Any CPU
	EndGlobalSection
	GlobalSection(SolutionProperties) = preSolution
		HideSolutionNode = FALSE
	EndGlobalSection
	GlobalSection(ExtensibilityGlobals) = postSolution
		SolutionGuid = {51BE8C9D-BFE6-416D-A031-B24858F62AEA}
	EndGlobalSection
EndGlobal
