
Microsoft Visual Studio Solution File, Format Version 12.00
# Visual Studio Version 17
VisualStudioVersion = 17.5.33530.505
MinimumVisualStudioVersion = 10.0.40219.1
Project("{FAE04EC0-301F-11D3-BF4B-00C04F79EFBC}") = "DZAPI", "DZAPI.csproj", "{16AE3AE5-BCCF-401A-98B7-CB8487A732F1}"
EndProject
Project("{FAE04EC0-301F-11D3-BF4B-00C04F79EFBC}") = "DZAPPAPI", "..\DZAPPAPI\DZAPPAPI.csproj", "{587BD599-A970-4551-A75C-D33CAFD7FCB8}"
EndProject
Global
	GlobalSection(SolutionConfigurationPlatforms) = preSolution
		Debug|Any CPU = Debug|Any CPU
		Release|Any CPU = Release|Any CPU
	EndGlobalSection
	GlobalSection(ProjectConfigurationPlatforms) = postSolution
		{16AE3AE5-BCCF-401A-98B7-CB8487A732F1}.Debug|Any CPU.ActiveCfg = Debug|Any CPU
		{16AE3AE5-BCCF-401A-98B7-CB8487A732F1}.Debug|Any CPU.Build.0 = Debug|Any CPU
		{16AE3AE5-BCCF-401A-98B7-CB8487A732F1}.Release|Any CPU.ActiveCfg = Release|Any CPU
		{16AE3AE5-BCCF-401A-98B7-CB8487A732F1}.Release|Any CPU.Build.0 = Release|Any CPU
		{587BD599-A970-4551-A75C-D33CAFD7FCB8}.Debug|Any CPU.ActiveCfg = Debug|Any CPU
		{587BD599-A970-4551-A75C-D33CAFD7FCB8}.Debug|Any CPU.Build.0 = Debug|Any CPU
		{587BD599-A970-4551-A75C-D33CAFD7FCB8}.Release|Any CPU.ActiveCfg = Release|Any CPU
		{587BD599-A970-4551-A75C-D33CAFD7FCB8}.Release|Any CPU.Build.0 = Release|Any CPU
	EndGlobalSection
	GlobalSection(SolutionProperties) = preSolution
		HideSolutionNode = FALSE
	EndGlobalSection
	GlobalSection(ExtensibilityGlobals) = postSolution
		SolutionGuid = {1E499795-1ED3-4195-B01B-A15E8858010A}
	EndGlobalSection
EndGlobal
