
Microsoft Visual Studio Solution File, Format Version 12.00
# Visual Studio Version 17
VisualStudioVersion = 17.2.32602.215
MinimumVisualStudioVersion = 10.0.40219.1
Project("{FAE04EC0-301F-11D3-BF4B-00C04F79EFBC}") = "Car_EKZ", "Car_EKZ\Car_EKZ.csproj", "{A349F4C1-666B-4897-AC11-FEA2EC60326D}"
EndProject
Project("{FAE04EC0-301F-11D3-BF4B-00C04F79EFBC}") = "Car_EKZ.BLL", "Car_EKZ.BLL\Car_EKZ.BLL.csproj", "{859B30D6-4DCA-44BB-B238-FBD57EFE4709}"
EndProject
Global
	GlobalSection(SolutionConfigurationPlatforms) = preSolution
		Debug|Any CPU = Debug|Any CPU
		Release|Any CPU = Release|Any CPU
	EndGlobalSection
	GlobalSection(ProjectConfigurationPlatforms) = postSolution
		{A349F4C1-666B-4897-AC11-FEA2EC60326D}.Debug|Any CPU.ActiveCfg = Debug|Any CPU
		{A349F4C1-666B-4897-AC11-FEA2EC60326D}.Debug|Any CPU.Build.0 = Debug|Any CPU
		{A349F4C1-666B-4897-AC11-FEA2EC60326D}.Release|Any CPU.ActiveCfg = Release|Any CPU
		{A349F4C1-666B-4897-AC11-FEA2EC60326D}.Release|Any CPU.Build.0 = Release|Any CPU
		{859B30D6-4DCA-44BB-B238-FBD57EFE4709}.Debug|Any CPU.ActiveCfg = Debug|Any CPU
		{859B30D6-4DCA-44BB-B238-FBD57EFE4709}.Debug|Any CPU.Build.0 = Debug|Any CPU
		{859B30D6-4DCA-44BB-B238-FBD57EFE4709}.Release|Any CPU.ActiveCfg = Release|Any CPU
		{859B30D6-4DCA-44BB-B238-FBD57EFE4709}.Release|Any CPU.Build.0 = Release|Any CPU
	EndGlobalSection
	GlobalSection(SolutionProperties) = preSolution
		HideSolutionNode = FALSE
	EndGlobalSection
	GlobalSection(ExtensibilityGlobals) = postSolution
		SolutionGuid = {CD43E5C8-1F97-48D5-B51E-E4ABC4EC9A84}
	EndGlobalSection
EndGlobal
