
Microsoft Visual Studio Solution File, Format Version 12.00
# Visual Studio Version 17
VisualStudioVersion = 17.3.32819.101
MinimumVisualStudioVersion = 10.0.40219.1
Project("{FAE04EC0-301F-11D3-BF4B-00C04F79EFBC}") = "Trans", "Trans\Trans.csproj", "{6E5DC477-A7B4-47C5-BEAB-9F0242C58B71}"
EndProject
Project("{FAE04EC0-301F-11D3-BF4B-00C04F79EFBC}") = "Trans.BLL", "Trans.BLL\Trans.BLL.csproj", "{1E09D936-81D7-4531-9F20-0E414DE66D3D}"
EndProject
Global
	GlobalSection(SolutionConfigurationPlatforms) = preSolution
		Debug|Any CPU = Debug|Any CPU
		Release|Any CPU = Release|Any CPU
	EndGlobalSection
	GlobalSection(ProjectConfigurationPlatforms) = postSolution
		{6E5DC477-A7B4-47C5-BEAB-9F0242C58B71}.Debug|Any CPU.ActiveCfg = Debug|Any CPU
		{6E5DC477-A7B4-47C5-BEAB-9F0242C58B71}.Debug|Any CPU.Build.0 = Debug|Any CPU
		{6E5DC477-A7B4-47C5-BEAB-9F0242C58B71}.Release|Any CPU.ActiveCfg = Release|Any CPU
		{6E5DC477-A7B4-47C5-BEAB-9F0242C58B71}.Release|Any CPU.Build.0 = Release|Any CPU
		{1E09D936-81D7-4531-9F20-0E414DE66D3D}.Debug|Any CPU.ActiveCfg = Debug|Any CPU
		{1E09D936-81D7-4531-9F20-0E414DE66D3D}.Debug|Any CPU.Build.0 = Debug|Any CPU
		{1E09D936-81D7-4531-9F20-0E414DE66D3D}.Release|Any CPU.ActiveCfg = Release|Any CPU
		{1E09D936-81D7-4531-9F20-0E414DE66D3D}.Release|Any CPU.Build.0 = Release|Any CPU
	EndGlobalSection
	GlobalSection(SolutionProperties) = preSolution
		HideSolutionNode = FALSE
	EndGlobalSection
	GlobalSection(ExtensibilityGlobals) = postSolution
		SolutionGuid = {D4D4E678-1CD7-47DF-B1B1-3C5668706170}
	EndGlobalSection
EndGlobal
