
Microsoft Visual Studio Solution File, Format Version 12.00
# Visual Studio Version 17
VisualStudioVersion = 17.4.33205.214
MinimumVisualStudioVersion = 10.0.40219.1
Project("{FAE04EC0-301F-11D3-BF4B-00C04F79EFBC}") = "ResourcesCollection", "ResourcesCollection\ResourcesCollection.csproj", "{4672C9C1-6681-4857-91FF-B31B6B556910}"
EndProject
Global
	GlobalSection(SolutionConfigurationPlatforms) = preSolution
		Debug|Any CPU = Debug|Any CPU
		Release|Any CPU = Release|Any CPU
	EndGlobalSection
	GlobalSection(ProjectConfigurationPlatforms) = postSolution
		{4672C9C1-6681-4857-91FF-B31B6B556910}.Debug|Any CPU.ActiveCfg = Debug|Any CPU
		{4672C9C1-6681-4857-91FF-B31B6B556910}.Debug|Any CPU.Build.0 = Debug|Any CPU
		{4672C9C1-6681-4857-91FF-B31B6B556910}.Release|Any CPU.ActiveCfg = Release|Any CPU
		{4672C9C1-6681-4857-91FF-B31B6B556910}.Release|Any CPU.Build.0 = Release|Any CPU
	EndGlobalSection
	GlobalSection(SolutionProperties) = preSolution
		HideSolutionNode = FALSE
	EndGlobalSection
	GlobalSection(ExtensibilityGlobals) = postSolution
		SolutionGuid = {38DDFAC1-3E83-48E0-A7A9-415AEBC60CA1}
	EndGlobalSection
EndGlobal
