
Microsoft Visual Studio Solution File, Format Version 12.00
# Visual Studio Version 17
VisualStudioVersion = 17.6.33801.468
MinimumVisualStudioVersion = 10.0.40219.1
Project("{888888A0-9F3D-457C-B088-3A5042F75D52}") = "Lesson1.2", "Lesson1.2.pyproj", "{63014B2F-9C22-461C-8D45-FB0402185C77}"
EndProject
Global
	GlobalSection(SolutionConfigurationPlatforms) = preSolution
		Debug|Any CPU = Debug|Any CPU
		Release|Any CPU = Release|Any CPU
	EndGlobalSection
	GlobalSection(ProjectConfigurationPlatforms) = postSolution
		{63014B2F-9C22-461C-8D45-FB0402185C77}.Debug|Any CPU.ActiveCfg = Debug|Any CPU
		{63014B2F-9C22-461C-8D45-FB0402185C77}.Release|Any CPU.ActiveCfg = Release|Any CPU
	EndGlobalSection
	GlobalSection(SolutionProperties) = preSolution
		HideSolutionNode = FALSE
	EndGlobalSection
	GlobalSection(ExtensibilityGlobals) = postSolution
		SolutionGuid = {AF1A90FD-56B2-45A8-8C11-DCCFCF4968D6}
	EndGlobalSection
EndGlobal
