
Microsoft Visual Studio Solution File, Format Version 12.00
# Visual Studio Version 17
VisualStudioVersion = 17.3.32819.101
MinimumVisualStudioVersion = 10.0.40219.1
Project("{FAE04EC0-301F-11D3-BF4B-00C04F79EFBC}") = "Lesson5", "Lesson5.csproj", "{D9D7DFEF-5887-495F-9E41-3BA124644FA5}"
EndProject
Global
	GlobalSection(SolutionConfigurationPlatforms) = preSolution
		Debug|Any CPU = Debug|Any CPU
		Release|Any CPU = Release|Any CPU
	EndGlobalSection
	GlobalSection(ProjectConfigurationPlatforms) = postSolution
		{D9D7DFEF-5887-495F-9E41-3BA124644FA5}.Debug|Any CPU.ActiveCfg = Debug|Any CPU
		{D9D7DFEF-5887-495F-9E41-3BA124644FA5}.Debug|Any CPU.Build.0 = Debug|Any CPU
		{D9D7DFEF-5887-495F-9E41-3BA124644FA5}.Release|Any CPU.ActiveCfg = Release|Any CPU
		{D9D7DFEF-5887-495F-9E41-3BA124644FA5}.Release|Any CPU.Build.0 = Release|Any CPU
	EndGlobalSection
	GlobalSection(SolutionProperties) = preSolution
		HideSolutionNode = FALSE
	EndGlobalSection
	GlobalSection(ExtensibilityGlobals) = postSolution
		SolutionGuid = {FBFFF7C6-5D09-4869-93C1-01A1EE796CA2}
	EndGlobalSection
EndGlobal
