
Microsoft Visual Studio Solution File, Format Version 12.00
# Visual Studio Version 17
VisualStudioVersion = 17.5.33530.505
MinimumVisualStudioVersion = 10.0.40219.1
Project("{FAE04EC0-301F-11D3-BF4B-00C04F79EFBC}") = "WebAppAuth", "WebAppAuth.csproj", "{DC58ED73-0811-4FB1-B09F-C09E269A2B78}"
EndProject
Global
	GlobalSection(SolutionConfigurationPlatforms) = preSolution
		Debug|Any CPU = Debug|Any CPU
		Release|Any CPU = Release|Any CPU
	EndGlobalSection
	GlobalSection(ProjectConfigurationPlatforms) = postSolution
		{DC58ED73-0811-4FB1-B09F-C09E269A2B78}.Debug|Any CPU.ActiveCfg = Debug|Any CPU
		{DC58ED73-0811-4FB1-B09F-C09E269A2B78}.Debug|Any CPU.Build.0 = Debug|Any CPU
		{DC58ED73-0811-4FB1-B09F-C09E269A2B78}.Release|Any CPU.ActiveCfg = Release|Any CPU
		{DC58ED73-0811-4FB1-B09F-C09E269A2B78}.Release|Any CPU.Build.0 = Release|Any CPU
	EndGlobalSection
	GlobalSection(SolutionProperties) = preSolution
		HideSolutionNode = FALSE
	EndGlobalSection
	GlobalSection(ExtensibilityGlobals) = postSolution
		SolutionGuid = {4785BD42-CAFB-47F2-AA97-2AE73ED95030}
	EndGlobalSection
EndGlobal
