
Microsoft Visual Studio Solution File, Format Version 12.00
# Visual Studio Version 17
VisualStudioVersion = 17.4.33103.184
MinimumVisualStudioVersion = 10.0.40219.1
Project("{FAE04EC0-301F-11D3-BF4B-00C04F79EFBC}") = "Lesson_3", "Lesson_3\Lesson_3.csproj", "{6BCAB828-71AC-4EDD-92F3-7FEB542460C8}"
EndProject
Global
	GlobalSection(SolutionConfigurationPlatforms) = preSolution
		Debug|Any CPU = Debug|Any CPU
		Release|Any CPU = Release|Any CPU
	EndGlobalSection
	GlobalSection(ProjectConfigurationPlatforms) = postSolution
		{6BCAB828-71AC-4EDD-92F3-7FEB542460C8}.Debug|Any CPU.ActiveCfg = Debug|Any CPU
		{6BCAB828-71AC-4EDD-92F3-7FEB542460C8}.Debug|Any CPU.Build.0 = Debug|Any CPU
		{6BCAB828-71AC-4EDD-92F3-7FEB542460C8}.Release|Any CPU.ActiveCfg = Release|Any CPU
		{6BCAB828-71AC-4EDD-92F3-7FEB542460C8}.Release|Any CPU.Build.0 = Release|Any CPU
	EndGlobalSection
	GlobalSection(SolutionProperties) = preSolution
		HideSolutionNode = FALSE
	EndGlobalSection
	GlobalSection(ExtensibilityGlobals) = postSolution
		SolutionGuid = {04774A32-18F5-4851-8DEE-2B70B99B4D91}
	EndGlobalSection
EndGlobal
