
Microsoft Visual Studio Solution File, Format Version 12.00
# Visual Studio Version 17
VisualStudioVersion = 17.3.32825.248
MinimumVisualStudioVersion = 10.0.40219.1
Project("{FAE04EC0-301F-11D3-BF4B-00C04F79EFBC}") = "Durak", "Durak\Durak.csproj", "{33DE2712-86DB-4DED-AC3A-201DF5FDA414}"
EndProject
Project("{FAE04EC0-301F-11D3-BF4B-00C04F79EFBC}") = "Durak.BLL", "Durak.BLL\Durak.BLL.csproj", "{4772F9AE-7EFB-4176-86B4-FA01EC54AAE9}"
EndProject
Global
	GlobalSection(SolutionConfigurationPlatforms) = preSolution
		Debug|Any CPU = Debug|Any CPU
		Release|Any CPU = Release|Any CPU
	EndGlobalSection
	GlobalSection(ProjectConfigurationPlatforms) = postSolution
		{33DE2712-86DB-4DED-AC3A-201DF5FDA414}.Debug|Any CPU.ActiveCfg = Debug|Any CPU
		{33DE2712-86DB-4DED-AC3A-201DF5FDA414}.Debug|Any CPU.Build.0 = Debug|Any CPU
		{33DE2712-86DB-4DED-AC3A-201DF5FDA414}.Release|Any CPU.ActiveCfg = Release|Any CPU
		{33DE2712-86DB-4DED-AC3A-201DF5FDA414}.Release|Any CPU.Build.0 = Release|Any CPU
		{4772F9AE-7EFB-4176-86B4-FA01EC54AAE9}.Debug|Any CPU.ActiveCfg = Debug|Any CPU
		{4772F9AE-7EFB-4176-86B4-FA01EC54AAE9}.Debug|Any CPU.Build.0 = Debug|Any CPU
		{4772F9AE-7EFB-4176-86B4-FA01EC54AAE9}.Release|Any CPU.ActiveCfg = Release|Any CPU
		{4772F9AE-7EFB-4176-86B4-FA01EC54AAE9}.Release|Any CPU.Build.0 = Release|Any CPU
	EndGlobalSection
	GlobalSection(SolutionProperties) = preSolution
		HideSolutionNode = FALSE
	EndGlobalSection
	GlobalSection(ExtensibilityGlobals) = postSolution
		SolutionGuid = {9160E8C2-0F4A-4134-A068-F1BF78834324}
	EndGlobalSection
EndGlobal
