
Microsoft Visual Studio Solution File, Format Version 12.00
# Visual Studio Version 16
VisualStudioVersion = 16.0.30709.132
MinimumVisualStudioVersion = 10.0.40219.1
Project("{FAE04EC0-301F-11D3-BF4B-00C04F79EFBC}") = "KKB.Online", "KKB.Online\KKB.Online.csproj", "{19EB7CA5-2ADA-46E7-AF93-BCA910D25C9D}"
EndProject
Project("{FAE04EC0-301F-11D3-BF4B-00C04F79EFBC}") = "ls5", "ls5\ls5.csproj", "{5C32754D-66B4-49E5-A0D7-1C24C93F4AD4}"
EndProject
Global
	GlobalSection(SolutionConfigurationPlatforms) = preSolution
		Debug|Any CPU = Debug|Any CPU
		Release|Any CPU = Release|Any CPU
	EndGlobalSection
	GlobalSection(ProjectConfigurationPlatforms) = postSolution
		{19EB7CA5-2ADA-46E7-AF93-BCA910D25C9D}.Debug|Any CPU.ActiveCfg = Debug|Any CPU
		{19EB7CA5-2ADA-46E7-AF93-BCA910D25C9D}.Debug|Any CPU.Build.0 = Debug|Any CPU
		{19EB7CA5-2ADA-46E7-AF93-BCA910D25C9D}.Release|Any CPU.ActiveCfg = Release|Any CPU
		{19EB7CA5-2ADA-46E7-AF93-BCA910D25C9D}.Release|Any CPU.Build.0 = Release|Any CPU
		{5C32754D-66B4-49E5-A0D7-1C24C93F4AD4}.Debug|Any CPU.ActiveCfg = Debug|Any CPU
		{5C32754D-66B4-49E5-A0D7-1C24C93F4AD4}.Debug|Any CPU.Build.0 = Debug|Any CPU
		{5C32754D-66B4-49E5-A0D7-1C24C93F4AD4}.Release|Any CPU.ActiveCfg = Release|Any CPU
		{5C32754D-66B4-49E5-A0D7-1C24C93F4AD4}.Release|Any CPU.Build.0 = Release|Any CPU
	EndGlobalSection
	GlobalSection(SolutionProperties) = preSolution
		HideSolutionNode = FALSE
	EndGlobalSection
	GlobalSection(ExtensibilityGlobals) = postSolution
		SolutionGuid = {C0AFBA37-BCC0-4DCD-8E9D-A73966CDB361}
	EndGlobalSection
EndGlobal
