
Microsoft Visual Studio Solution File, Format Version 12.00
# Visual Studio Version 17
VisualStudioVersion = 17.0.32126.317
MinimumVisualStudioVersion = 10.0.40219.1
Project("{FAE04EC0-301F-11D3-BF4B-00C04F79EFBC}") = "UploadToExcel", "UploadToExcel\UploadToExcel.csproj", "{6150D105-B47E-421D-89A3-434E49C11ACE}"
EndProject
Global
	GlobalSection(SolutionConfigurationPlatforms) = preSolution
		Debug|Any CPU = Debug|Any CPU
		Release|Any CPU = Release|Any CPU
	EndGlobalSection
	GlobalSection(ProjectConfigurationPlatforms) = postSolution
		{6150D105-B47E-421D-89A3-434E49C11ACE}.Debug|Any CPU.ActiveCfg = Debug|Any CPU
		{6150D105-B47E-421D-89A3-434E49C11ACE}.Debug|Any CPU.Build.0 = Debug|Any CPU
		{6150D105-B47E-421D-89A3-434E49C11ACE}.Release|Any CPU.ActiveCfg = Release|Any CPU
		{6150D105-B47E-421D-89A3-434E49C11ACE}.Release|Any CPU.Build.0 = Release|Any CPU
	EndGlobalSection
	GlobalSection(SolutionProperties) = preSolution
		HideSolutionNode = FALSE
	EndGlobalSection
	GlobalSection(ExtensibilityGlobals) = postSolution
		SolutionGuid = {A13FC475-C9BF-4D56-B792-A9B7E6279C73}
	EndGlobalSection
EndGlobal
