
Microsoft Visual Studio Solution File, Format Version 12.00
# Visual Studio Version 17
VisualStudioVersion = 17.5.33530.505
MinimumVisualStudioVersion = 10.0.40219.1
Project("{FAE04EC0-301F-11D3-BF4B-00C04F79EFBC}") = "WebAppAuthIdentity", "WebAppAuthIdentity.csproj", "{2E3C3923-5A2A-4587-B3E1-C385AC905EA7}"
EndProject
Global
	GlobalSection(SolutionConfigurationPlatforms) = preSolution
		Debug|Any CPU = Debug|Any CPU
		Release|Any CPU = Release|Any CPU
	EndGlobalSection
	GlobalSection(ProjectConfigurationPlatforms) = postSolution
		{2E3C3923-5A2A-4587-B3E1-C385AC905EA7}.Debug|Any CPU.ActiveCfg = Debug|Any CPU
		{2E3C3923-5A2A-4587-B3E1-C385AC905EA7}.Debug|Any CPU.Build.0 = Debug|Any CPU
		{2E3C3923-5A2A-4587-B3E1-C385AC905EA7}.Release|Any CPU.ActiveCfg = Release|Any CPU
		{2E3C3923-5A2A-4587-B3E1-C385AC905EA7}.Release|Any CPU.Build.0 = Release|Any CPU
	EndGlobalSection
	GlobalSection(SolutionProperties) = preSolution
		HideSolutionNode = FALSE
	EndGlobalSection
	GlobalSection(ExtensibilityGlobals) = postSolution
		SolutionGuid = {35F63976-3301-479F-AF8E-A83974169D99}
	EndGlobalSection
EndGlobal
