
Microsoft Visual Studio Solution File, Format Version 12.00
# Visual Studio Version 17
VisualStudioVersion = 17.3.32819.101
MinimumVisualStudioVersion = 10.0.40219.1
Project("{FAE04EC0-301F-11D3-BF4B-00C04F79EFBC}") = "HomeConstruction", "HomeConstruction\HomeConstruction.csproj", "{882E303B-F87C-4222-98B9-0A7B6E4F7B78}"
EndProject
Global
	GlobalSection(SolutionConfigurationPlatforms) = preSolution
		Debug|Any CPU = Debug|Any CPU
		Release|Any CPU = Release|Any CPU
	EndGlobalSection
	GlobalSection(ProjectConfigurationPlatforms) = postSolution
		{882E303B-F87C-4222-98B9-0A7B6E4F7B78}.Debug|Any CPU.ActiveCfg = Debug|Any CPU
		{882E303B-F87C-4222-98B9-0A7B6E4F7B78}.Debug|Any CPU.Build.0 = Debug|Any CPU
		{882E303B-F87C-4222-98B9-0A7B6E4F7B78}.Release|Any CPU.ActiveCfg = Release|Any CPU
		{882E303B-F87C-4222-98B9-0A7B6E4F7B78}.Release|Any CPU.Build.0 = Release|Any CPU
	EndGlobalSection
	GlobalSection(SolutionProperties) = preSolution
		HideSolutionNode = FALSE
	EndGlobalSection
	GlobalSection(ExtensibilityGlobals) = postSolution
		SolutionGuid = {88332CE6-70B6-46BF-98CB-CA38EB7578CB}
	EndGlobalSection
EndGlobal
