
Microsoft Visual Studio Solution File, Format Version 12.00
# Visual Studio Version 17
VisualStudioVersion = 17.4.33103.184
MinimumVisualStudioVersion = 10.0.40219.1
Project("{9A19103F-16F7-4668-BE54-9A1E7A4F7556}") = "KIWI", "KIWI\KIWI.csproj", "{AB5B3F59-0D75-4535-BC80-BC245972AAF8}"
EndProject
Project("{FAE04EC0-301F-11D3-BF4B-00C04F79EFBC}") = "KIWI.dll", "KIWI.dll\KIWI.dll.csproj", "{C78923EA-3A72-48C6-8DD4-2B6ADECF56BE}"
EndProject
Global
	GlobalSection(SolutionConfigurationPlatforms) = preSolution
		Debug|Any CPU = Debug|Any CPU
		Release|Any CPU = Release|Any CPU
	EndGlobalSection
	GlobalSection(ProjectConfigurationPlatforms) = postSolution
		{AB5B3F59-0D75-4535-BC80-BC245972AAF8}.Debug|Any CPU.ActiveCfg = Debug|Any CPU
		{AB5B3F59-0D75-4535-BC80-BC245972AAF8}.Debug|Any CPU.Build.0 = Debug|Any CPU
		{AB5B3F59-0D75-4535-BC80-BC245972AAF8}.Release|Any CPU.ActiveCfg = Release|Any CPU
		{AB5B3F59-0D75-4535-BC80-BC245972AAF8}.Release|Any CPU.Build.0 = Release|Any CPU
		{C78923EA-3A72-48C6-8DD4-2B6ADECF56BE}.Debug|Any CPU.ActiveCfg = Debug|Any CPU
		{C78923EA-3A72-48C6-8DD4-2B6ADECF56BE}.Debug|Any CPU.Build.0 = Debug|Any CPU
		{C78923EA-3A72-48C6-8DD4-2B6ADECF56BE}.Release|Any CPU.ActiveCfg = Release|Any CPU
		{C78923EA-3A72-48C6-8DD4-2B6ADECF56BE}.Release|Any CPU.Build.0 = Release|Any CPU
	EndGlobalSection
	GlobalSection(SolutionProperties) = preSolution
		HideSolutionNode = FALSE
	EndGlobalSection
	GlobalSection(ExtensibilityGlobals) = postSolution
		SolutionGuid = {C72A0BEB-A59F-4A00-A1CF-0BBB20667AEF}
	EndGlobalSection
EndGlobal
