
Microsoft Visual Studio Solution File, Format Version 12.00
# Visual Studio Version 17
VisualStudioVersion = 17.3.32819.101
MinimumVisualStudioVersion = 10.0.40219.1
Project("{FAE04EC0-301F-11D3-BF4B-00C04F79EFBC}") = "DzString", "DzString\DzString.csproj", "{D320D226-4975-4A97-89F1-A6A45EEE4FD8}"
EndProject
Global
	GlobalSection(SolutionConfigurationPlatforms) = preSolution
		Debug|Any CPU = Debug|Any CPU
		Release|Any CPU = Release|Any CPU
	EndGlobalSection
	GlobalSection(ProjectConfigurationPlatforms) = postSolution
		{D320D226-4975-4A97-89F1-A6A45EEE4FD8}.Debug|Any CPU.ActiveCfg = Debug|Any CPU
		{D320D226-4975-4A97-89F1-A6A45EEE4FD8}.Debug|Any CPU.Build.0 = Debug|Any CPU
		{D320D226-4975-4A97-89F1-A6A45EEE4FD8}.Release|Any CPU.ActiveCfg = Release|Any CPU
		{D320D226-4975-4A97-89F1-A6A45EEE4FD8}.Release|Any CPU.Build.0 = Release|Any CPU
	EndGlobalSection
	GlobalSection(SolutionProperties) = preSolution
		HideSolutionNode = FALSE
	EndGlobalSection
	GlobalSection(ExtensibilityGlobals) = postSolution
		SolutionGuid = {96285DD1-362C-44FC-8648-5F9D37342520}
	EndGlobalSection
EndGlobal
